
Microsoft Visual Studio Solution File, Format Version 12.00
# Visual Studio Version 17
VisualStudioVersion = 17.6.33815.320
MinimumVisualStudioVersion = 10.0.40219.1
Project("{FAE04EC0-301F-11D3-BF4B-00C04F79EFBC}") = "Student Management", "Student Management.csproj", "{FD95D855-FF29-4FD0-B3B8-A5CA255DB63B}"
EndProject
Global
	GlobalSection(SolutionConfigurationPlatforms) = preSolution
		Debug|Any CPU = Debug|Any CPU
		Release|Any CPU = Release|Any CPU
	EndGlobalSection
	GlobalSection(ProjectConfigurationPlatforms) = postSolution
		{FD95D855-FF29-4FD0-B3B8-A5CA255DB63B}.Debug|Any CPU.ActiveCfg = Debug|Any CPU
		{FD95D855-FF29-4FD0-B3B8-A5CA255DB63B}.Debug|Any CPU.Build.0 = Debug|Any CPU
		{FD95D855-FF29-4FD0-B3B8-A5CA255DB63B}.Release|Any CPU.ActiveCfg = Release|Any CPU
		{FD95D855-FF29-4FD0-B3B8-A5CA255DB63B}.Release|Any CPU.Build.0 = Release|Any CPU
	EndGlobalSection
	GlobalSection(SolutionProperties) = preSolution
		HideSolutionNode = FALSE
	EndGlobalSection
	GlobalSection(ExtensibilityGlobals) = postSolution
		SolutionGuid = {CBB2D720-27DB-4797-AAFA-DA0B4BA970F0}
	EndGlobalSection
EndGlobal
